{
  "originHash" : "4611e7233a72b701d3246cd5be72507a9c7c69186861d9408583dcebbe8862c2",
  "pins" : [
    {
      "identity" : "swift-protobuf",
      "kind" : "remoteSourceControl",
      "location" : "https://github.com/apple/swift-protobuf.git",
      "state" : {
        "revision" : "102a647b573f60f73afdce5613a51d71349fe507",
        "version" : "1.30.0"
      }
    }
  ],
  "version" : 3
}
